
Microsoft Visual Studio Solution File, Format Version 12.00
# Visual Studio Version 17
VisualStudioVersion = 17.10.35027.167
MinimumVisualStudioVersion = 10.0.40219.1
Project("{2150E333-8FDC-42A3-9474-1A3956D46DE8}") = "Demo", "Demo", "{6D27E1F6-E11D-4CCB-BFCF-AFC1FB227AA9}"
EndProject
Project("{2150E333-8FDC-42A3-9474-1A3956D46DE8}") = "CrazyRpc", "CrazyRpc", "{FFDF1AF5-AC43-4B2F-AD92-49C64C516301}"
EndProject
Project("{2150E333-8FDC-42A3-9474-1A3956D46DE8}") = "CrazyIM", "CrazyIM", "{6F30CB1F-C014-4907-9FD5-257E0A64F0CA}"
EndProject
Project("{2150E333-8FDC-42A3-9474-1A3956D46DE8}") = "Tcp", "Tcp", "{4E445A1E-5E25-4979-964A-2E985A84575E}"
EndProject
Project("{2150E333-8FDC-42A3-9474-1A3956D46DE8}") = "Http", "Http", "{C5DAAC6E-5915-43A5-BB27-C31123865CC7}"
EndProject
Project("{2150E333-8FDC-42A3-9474-1A3956D46DE8}") = "Memcached", "Memcached", "{A4615C2C-C043-4892-8077-3ADCA0396B0C}"
EndProject
Project("{2150E333-8FDC-42A3-9474-1A3956D46DE8}") = "__UnitTest", "__UnitTest", "{C8CE345A-2ED7-47E2-85E6-95B1B2FAC756}"
	ProjectSection(SolutionItems) = preProject
		LocalTestRun.testrunconfig = LocalTestRun.testrunconfig
		Shuttler.Net.vsmdi = Shuttler.Net.vsmdi
	EndProjectSection
EndProject
Project("{FAE04EC0-301F-11D3-BF4B-00C04F79EFBC}") = "TcpServer", "Test\TcpRpcTest\RpcServer\TcpServer.csproj", "{CDBBA155-D425-4FAF-A29A-0B2C61D43C10}"
EndProject
Project("{FAE04EC0-301F-11D3-BF4B-00C04F79EFBC}") = "TcpClient", "Test\TcpRpcTest\RpcClient\TcpClient.csproj", "{816EC137-7AFD-42B3-84A1-447E33A6A8C8}"
EndProject
Project("{FAE04EC0-301F-11D3-BF4B-00C04F79EFBC}") = "ServiceCommon", "Test\ServiceCommon\ServiceCommon.csproj", "{AEC60B15-D43B-4AF7-B863-DA954BE362E8}"
EndProject
Project("{FAE04EC0-301F-11D3-BF4B-00C04F79EFBC}") = "Shuttler.IM.Server", "Test\IMTest\Shuttler.IM.Server\Shuttler.IM.Server.csproj", "{49C39044-785C-4878-B59F-73678B960235}"
EndProject
Project("{FAE04EC0-301F-11D3-BF4B-00C04F79EFBC}") = "Shuttler.IM.Client", "Test\IMTest\Shuttler.IM.Client\Shuttler.IM.Client.csproj", "{77657CD6-1F42-41E3-B551-1BAB53DE0F03}"
EndProject
Project("{FAE04EC0-301F-11D3-BF4B-00C04F79EFBC}") = "HttpServer", "Test\HttpRpcTest\HttpServer\HttpServer.csproj", "{3126BDD4-A66E-4B91-8A30-98896E2CA6D3}"
EndProject
Project("{FAE04EC0-301F-11D3-BF4B-00C04F79EFBC}") = "HttpClient", "Test\HttpRpcTest\HttpClient\HttpClient.csproj", "{6F3AE77D-BEAA-44AC-B096-AA882D489185}"
EndProject
Project("{FAE04EC0-301F-11D3-BF4B-00C04F79EFBC}") = "MemcachedClient", "Test\MemcachedTest\MemcachedClient\MemcachedClient.csproj", "{0FDC694C-DF17-4A1B-BAD9-3E7C5887B1DA}"
EndProject
Project("{FAE04EC0-301F-11D3-BF4B-00C04F79EFBC}") = "MemcachedServer", "Test\MemcachedTest\MemcachedServer\MemcachedServer.csproj", "{059FB982-0587-47A8-9A54-E8DD02538155}"
EndProject
Project("{FAE04EC0-301F-11D3-BF4B-00C04F79EFBC}") = "Artery", "Artery\Artery.csproj", "{61207A01-E64A-428E-9CF4-F4C286AE7106}"
EndProject
Project("{FAE04EC0-301F-11D3-BF4B-00C04F79EFBC}") = "Shuttler_UnitTest", "Shuttler_UnitTest\Shuttler_UnitTest.csproj", "{D6A929FA-2EC5-4685-AC22-31B8A39CF623}"
EndProject
Global
	GlobalSection(SolutionConfigurationPlatforms) = preSolution
		Debug|Any CPU = Debug|Any CPU
		Net20|Any CPU = Net20|Any CPU
		Profile|Any CPU = Profile|Any CPU
		Release|Any CPU = Release|Any CPU
		Silverlight2|Any CPU = Silverlight2|Any CPU
	EndGlobalSection
	GlobalSection(ProjectConfigurationPlatforms) = postSolution
		{CDBBA155-D425-4FAF-A29A-0B2C61D43C10}.Debug|Any CPU.ActiveCfg = Debug|Any CPU
		{CDBBA155-D425-4FAF-A29A-0B2C61D43C10}.Debug|Any CPU.Build.0 = Debug|Any CPU
		{CDBBA155-D425-4FAF-A29A-0B2C61D43C10}.Net20|Any CPU.ActiveCfg = Release|Any CPU
		{CDBBA155-D425-4FAF-A29A-0B2C61D43C10}.Net20|Any CPU.Build.0 = Release|Any CPU
		{CDBBA155-D425-4FAF-A29A-0B2C61D43C10}.Profile|Any CPU.ActiveCfg = Release|Any CPU
		{CDBBA155-D425-4FAF-A29A-0B2C61D43C10}.Profile|Any CPU.Build.0 = Release|Any CPU
		{CDBBA155-D425-4FAF-A29A-0B2C61D43C10}.Release|Any CPU.ActiveCfg = Release|Any CPU
		{CDBBA155-D425-4FAF-A29A-0B2C61D43C10}.Release|Any CPU.Build.0 = Release|Any CPU
		{CDBBA155-D425-4FAF-A29A-0B2C61D43C10}.Silverlight2|Any CPU.ActiveCfg = Release|Any CPU
		{CDBBA155-D425-4FAF-A29A-0B2C61D43C10}.Silverlight2|Any CPU.Build.0 = Release|Any CPU
		{816EC137-7AFD-42B3-84A1-447E33A6A8C8}.Debug|Any CPU.ActiveCfg = Debug|Any CPU
		{816EC137-7AFD-42B3-84A1-447E33A6A8C8}.Debug|Any CPU.Build.0 = Debug|Any CPU
		{816EC137-7AFD-42B3-84A1-447E33A6A8C8}.Net20|Any CPU.ActiveCfg = Net20|Any CPU
		{816EC137-7AFD-42B3-84A1-447E33A6A8C8}.Net20|Any CPU.Build.0 = Net20|Any CPU
		{816EC137-7AFD-42B3-84A1-447E33A6A8C8}.Profile|Any CPU.ActiveCfg = Profile|Any CPU
		{816EC137-7AFD-42B3-84A1-447E33A6A8C8}.Profile|Any CPU.Build.0 = Profile|Any CPU
		{816EC137-7AFD-42B3-84A1-447E33A6A8C8}.Release|Any CPU.ActiveCfg = Release|Any CPU
		{816EC137-7AFD-42B3-84A1-447E33A6A8C8}.Release|Any CPU.Build.0 = Release|Any CPU
		{816EC137-7AFD-42B3-84A1-447E33A6A8C8}.Silverlight2|Any CPU.ActiveCfg = Silverlight2|Any CPU
		{816EC137-7AFD-42B3-84A1-447E33A6A8C8}.Silverlight2|Any CPU.Build.0 = Silverlight2|Any CPU
		{AEC60B15-D43B-4AF7-B863-DA954BE362E8}.Debug|Any CPU.ActiveCfg = Debug|Any CPU
		{AEC60B15-D43B-4AF7-B863-DA954BE362E8}.Debug|Any CPU.Build.0 = Debug|Any CPU
		{AEC60B15-D43B-4AF7-B863-DA954BE362E8}.Net20|Any CPU.ActiveCfg = Release|Any CPU
		{AEC60B15-D43B-4AF7-B863-DA954BE362E8}.Net20|Any CPU.Build.0 = Release|Any CPU
		{AEC60B15-D43B-4AF7-B863-DA954BE362E8}.Profile|Any CPU.ActiveCfg = Release|Any CPU
		{AEC60B15-D43B-4AF7-B863-DA954BE362E8}.Profile|Any CPU.Build.0 = Release|Any CPU
		{AEC60B15-D43B-4AF7-B863-DA954BE362E8}.Release|Any CPU.ActiveCfg = Release|Any CPU
		{AEC60B15-D43B-4AF7-B863-DA954BE362E8}.Release|Any CPU.Build.0 = Release|Any CPU
		{AEC60B15-D43B-4AF7-B863-DA954BE362E8}.Silverlight2|Any CPU.ActiveCfg = Release|Any CPU
		{AEC60B15-D43B-4AF7-B863-DA954BE362E8}.Silverlight2|Any CPU.Build.0 = Release|Any CPU
		{49C39044-785C-4878-B59F-73678B960235}.Debug|Any CPU.ActiveCfg = Debug|Any CPU
		{49C39044-785C-4878-B59F-73678B960235}.Debug|Any CPU.Build.0 = Debug|Any CPU
		{49C39044-785C-4878-B59F-73678B960235}.Net20|Any CPU.ActiveCfg = Release|Any CPU
		{49C39044-785C-4878-B59F-73678B960235}.Net20|Any CPU.Build.0 = Release|Any CPU
		{49C39044-785C-4878-B59F-73678B960235}.Profile|Any CPU.ActiveCfg = Release|Any CPU
		{49C39044-785C-4878-B59F-73678B960235}.Profile|Any CPU.Build.0 = Release|Any CPU
		{49C39044-785C-4878-B59F-73678B960235}.Release|Any CPU.ActiveCfg = Release|Any CPU
		{49C39044-785C-4878-B59F-73678B960235}.Release|Any CPU.Build.0 = Release|Any CPU
		{49C39044-785C-4878-B59F-73678B960235}.Silverlight2|Any CPU.ActiveCfg = Release|Any CPU
		{49C39044-785C-4878-B59F-73678B960235}.Silverlight2|Any CPU.Build.0 = Release|Any CPU
		{77657CD6-1F42-41E3-B551-1BAB53DE0F03}.Debug|Any CPU.ActiveCfg = Debug|Any CPU
		{77657CD6-1F42-41E3-B551-1BAB53DE0F03}.Debug|Any CPU.Build.0 = Debug|Any CPU
		{77657CD6-1F42-41E3-B551-1BAB53DE0F03}.Net20|Any CPU.ActiveCfg = Release|Any CPU
		{77657CD6-1F42-41E3-B551-1BAB53DE0F03}.Net20|Any CPU.Build.0 = Release|Any CPU
		{77657CD6-1F42-41E3-B551-1BAB53DE0F03}.Profile|Any CPU.ActiveCfg = Release|Any CPU
		{77657CD6-1F42-41E3-B551-1BAB53DE0F03}.Profile|Any CPU.Build.0 = Release|Any CPU
		{77657CD6-1F42-41E3-B551-1BAB53DE0F03}.Release|Any CPU.ActiveCfg = Release|Any CPU
		{77657CD6-1F42-41E3-B551-1BAB53DE0F03}.Release|Any CPU.Build.0 = Release|Any CPU
		{77657CD6-1F42-41E3-B551-1BAB53DE0F03}.Silverlight2|Any CPU.ActiveCfg = Release|Any CPU
		{77657CD6-1F42-41E3-B551-1BAB53DE0F03}.Silverlight2|Any CPU.Build.0 = Release|Any CPU
		{3126BDD4-A66E-4B91-8A30-98896E2CA6D3}.Debug|Any CPU.ActiveCfg = Debug|Any CPU
		{3126BDD4-A66E-4B91-8A30-98896E2CA6D3}.Debug|Any CPU.Build.0 = Debug|Any CPU
		{3126BDD4-A66E-4B91-8A30-98896E2CA6D3}.Net20|Any CPU.ActiveCfg = Release|Any CPU
		{3126BDD4-A66E-4B91-8A30-98896E2CA6D3}.Net20|Any CPU.Build.0 = Release|Any CPU
		{3126BDD4-A66E-4B91-8A30-98896E2CA6D3}.Profile|Any CPU.ActiveCfg = Release|Any CPU
		{3126BDD4-A66E-4B91-8A30-98896E2CA6D3}.Profile|Any CPU.Build.0 = Release|Any CPU
		{3126BDD4-A66E-4B91-8A30-98896E2CA6D3}.Release|Any CPU.ActiveCfg = Release|Any CPU
		{3126BDD4-A66E-4B91-8A30-98896E2CA6D3}.Release|Any CPU.Build.0 = Release|Any CPU
		{3126BDD4-A66E-4B91-8A30-98896E2CA6D3}.Silverlight2|Any CPU.ActiveCfg = Release|Any CPU
		{3126BDD4-A66E-4B91-8A30-98896E2CA6D3}.Silverlight2|Any CPU.Build.0 = Release|Any CPU
		{6F3AE77D-BEAA-44AC-B096-AA882D489185}.Debug|Any CPU.ActiveCfg = Debug|Any CPU
		{6F3AE77D-BEAA-44AC-B096-AA882D489185}.Debug|Any CPU.Build.0 = Debug|Any CPU
		{6F3AE77D-BEAA-44AC-B096-AA882D489185}.Net20|Any CPU.ActiveCfg = Release|Any CPU
		{6F3AE77D-BEAA-44AC-B096-AA882D489185}.Net20|Any CPU.Build.0 = Release|Any CPU
		{6F3AE77D-BEAA-44AC-B096-AA882D489185}.Profile|Any CPU.ActiveCfg = Release|Any CPU
		{6F3AE77D-BEAA-44AC-B096-AA882D489185}.Profile|Any CPU.Build.0 = Release|Any CPU
		{6F3AE77D-BEAA-44AC-B096-AA882D489185}.Release|Any CPU.ActiveCfg = Release|Any CPU
		{6F3AE77D-BEAA-44AC-B096-AA882D489185}.Release|Any CPU.Build.0 = Release|Any CPU
		{6F3AE77D-BEAA-44AC-B096-AA882D489185}.Silverlight2|Any CPU.ActiveCfg = Release|Any CPU
		{6F3AE77D-BEAA-44AC-B096-AA882D489185}.Silverlight2|Any CPU.Build.0 = Release|Any CPU
		{0FDC694C-DF17-4A1B-BAD9-3E7C5887B1DA}.Debug|Any CPU.ActiveCfg = Debug|Any CPU
		{0FDC694C-DF17-4A1B-BAD9-3E7C5887B1DA}.Debug|Any CPU.Build.0 = Debug|Any CPU
		{0FDC694C-DF17-4A1B-BAD9-3E7C5887B1DA}.Net20|Any CPU.ActiveCfg = Release|Any CPU
		{0FDC694C-DF17-4A1B-BAD9-3E7C5887B1DA}.Net20|Any CPU.Build.0 = Release|Any CPU
		{0FDC694C-DF17-4A1B-BAD9-3E7C5887B1DA}.Profile|Any CPU.ActiveCfg = Release|Any CPU
		{0FDC694C-DF17-4A1B-BAD9-3E7C5887B1DA}.Profile|Any CPU.Build.0 = Release|Any CPU
		{0FDC694C-DF17-4A1B-BAD9-3E7C5887B1DA}.Release|Any CPU.ActiveCfg = Release|Any CPU
		{0FDC694C-DF17-4A1B-BAD9-3E7C5887B1DA}.Release|Any CPU.Build.0 = Release|Any CPU
		{0FDC694C-DF17-4A1B-BAD9-3E7C5887B1DA}.Silverlight2|Any CPU.ActiveCfg = Release|Any CPU
		{0FDC694C-DF17-4A1B-BAD9-3E7C5887B1DA}.Silverlight2|Any CPU.Build.0 = Release|Any CPU
		{059FB982-0587-47A8-9A54-E8DD02538155}.Debug|Any CPU.ActiveCfg = Debug|Any CPU
		{059FB982-0587-47A8-9A54-E8DD02538155}.Debug|Any CPU.Build.0 = Debug|Any CPU
		{059FB982-0587-47A8-9A54-E8DD02538155}.Net20|Any CPU.ActiveCfg = Release|Any CPU
		{059FB982-0587-47A8-9A54-E8DD02538155}.Net20|Any CPU.Build.0 = Release|Any CPU
		{059FB982-0587-47A8-9A54-E8DD02538155}.Profile|Any CPU.ActiveCfg = Release|Any CPU
		{059FB982-0587-47A8-9A54-E8DD02538155}.Profile|Any CPU.Build.0 = Release|Any CPU
		{059FB982-0587-47A8-9A54-E8DD02538155}.Release|Any CPU.ActiveCfg = Release|Any CPU
		{059FB982-0587-47A8-9A54-E8DD02538155}.Release|Any CPU.Build.0 = Release|Any CPU
		{059FB982-0587-47A8-9A54-E8DD02538155}.Silverlight2|Any CPU.ActiveCfg = Release|Any CPU
		{059FB982-0587-47A8-9A54-E8DD02538155}.Silverlight2|Any CPU.Build.0 = Release|Any CPU
		{61207A01-E64A-428E-9CF4-F4C286AE7106}.Debug|Any CPU.ActiveCfg = Debug|Any CPU
		{61207A01-E64A-428E-9CF4-F4C286AE7106}.Debug|Any CPU.Build.0 = Debug|Any CPU
		{61207A01-E64A-428E-9CF4-F4C286AE7106}.Net20|Any CPU.ActiveCfg = Release|Any CPU
		{61207A01-E64A-428E-9CF4-F4C286AE7106}.Net20|Any CPU.Build.0 = Release|Any CPU
		{61207A01-E64A-428E-9CF4-F4C286AE7106}.Profile|Any CPU.ActiveCfg = Release|Any CPU
		{61207A01-E64A-428E-9CF4-F4C286AE7106}.Profile|Any CPU.Build.0 = Release|Any CPU
		{61207A01-E64A-428E-9CF4-F4C286AE7106}.Release|Any CPU.ActiveCfg = Release|Any CPU
		{61207A01-E64A-428E-9CF4-F4C286AE7106}.Release|Any CPU.Build.0 = Release|Any CPU
		{61207A01-E64A-428E-9CF4-F4C286AE7106}.Silverlight2|Any CPU.ActiveCfg = Release|Any CPU
		{61207A01-E64A-428E-9CF4-F4C286AE7106}.Silverlight2|Any CPU.Build.0 = Release|Any CPU
		{D6A929FA-2EC5-4685-AC22-31B8A39CF623}.Debug|Any CPU.ActiveCfg = Debug|Any CPU
		{D6A929FA-2EC5-4685-AC22-31B8A39CF623}.Debug|Any CPU.Build.0 = Debug|Any CPU
		{D6A929FA-2EC5-4685-AC22-31B8A39CF623}.Net20|Any CPU.ActiveCfg = Release|Any CPU
		{D6A929FA-2EC5-4685-AC22-31B8A39CF623}.Net20|Any CPU.Build.0 = Release|Any CPU
		{D6A929FA-2EC5-4685-AC22-31B8A39CF623}.Profile|Any CPU.ActiveCfg = Release|Any CPU
		{D6A929FA-2EC5-4685-AC22-31B8A39CF623}.Profile|Any CPU.Build.0 = Release|Any CPU
		{D6A929FA-2EC5-4685-AC22-31B8A39CF623}.Release|Any CPU.ActiveCfg = Release|Any CPU
		{D6A929FA-2EC5-4685-AC22-31B8A39CF623}.Release|Any CPU.Build.0 = Release|Any CPU
		{D6A929FA-2EC5-4685-AC22-31B8A39CF623}.Silverlight2|Any CPU.ActiveCfg = Release|Any CPU
		{D6A929FA-2EC5-4685-AC22-31B8A39CF623}.Silverlight2|Any CPU.Build.0 = Release|Any CPU
	EndGlobalSection
	GlobalSection(SolutionProperties) = preSolution
		HideSolutionNode = FALSE
	EndGlobalSection
	GlobalSection(NestedProjects) = preSolution
		{FFDF1AF5-AC43-4B2F-AD92-49C64C516301} = {6D27E1F6-E11D-4CCB-BFCF-AFC1FB227AA9}
		{6F30CB1F-C014-4907-9FD5-257E0A64F0CA} = {6D27E1F6-E11D-4CCB-BFCF-AFC1FB227AA9}
		{4E445A1E-5E25-4979-964A-2E985A84575E} = {FFDF1AF5-AC43-4B2F-AD92-49C64C516301}
		{C5DAAC6E-5915-43A5-BB27-C31123865CC7} = {FFDF1AF5-AC43-4B2F-AD92-49C64C516301}
		{A4615C2C-C043-4892-8077-3ADCA0396B0C} = {FFDF1AF5-AC43-4B2F-AD92-49C64C516301}
		{CDBBA155-D425-4FAF-A29A-0B2C61D43C10} = {4E445A1E-5E25-4979-964A-2E985A84575E}
		{816EC137-7AFD-42B3-84A1-447E33A6A8C8} = {4E445A1E-5E25-4979-964A-2E985A84575E}
		{AEC60B15-D43B-4AF7-B863-DA954BE362E8} = {FFDF1AF5-AC43-4B2F-AD92-49C64C516301}
		{49C39044-785C-4878-B59F-73678B960235} = {6F30CB1F-C014-4907-9FD5-257E0A64F0CA}
		{77657CD6-1F42-41E3-B551-1BAB53DE0F03} = {6F30CB1F-C014-4907-9FD5-257E0A64F0CA}
		{3126BDD4-A66E-4B91-8A30-98896E2CA6D3} = {C5DAAC6E-5915-43A5-BB27-C31123865CC7}
		{6F3AE77D-BEAA-44AC-B096-AA882D489185} = {C5DAAC6E-5915-43A5-BB27-C31123865CC7}
		{0FDC694C-DF17-4A1B-BAD9-3E7C5887B1DA} = {A4615C2C-C043-4892-8077-3ADCA0396B0C}
		{059FB982-0587-47A8-9A54-E8DD02538155} = {A4615C2C-C043-4892-8077-3ADCA0396B0C}
	EndGlobalSection
	GlobalSection(ExtensibilityGlobals) = postSolution
		SolutionGuid = {B847C847-E965-4ACC-AC17-1AD6164C5B1A}
	EndGlobalSection
	GlobalSection(TestCaseManagementSettings) = postSolution
		CategoryFile = Shuttler.Net.vsmdi
	EndGlobalSection
EndGlobal
